// !$*UTF8*$!
{
	archiveVersion = 1;
	classes = {
	};
	objectVersion = 48;
	objects = {

/* Begin PBXBuildFile section */
		45388496208AB717003EB260 /* Assets.xcassets in Resources */ = {isa = PBXBuildFile; fileRef = 45388495208AB717003EB260 /* Assets.xcassets */; };
		453884A2208AB815003EB260 /* main.cpp in Sources */ = {isa = PBXBuildFile; fileRef = 453884A1208AB815003EB260 /* main.cpp */; };
		453884A5208ABACA003EB260 /* OpenGL.framework in Frameworks */ = {isa = PBXBuildFile; fileRef = 453884A4208ABACA003EB260 /* OpenGL.framework */; };
		453884A7208ABAD3003EB260 /* IOKit.framework in Frameworks */ = {isa = PBXBuildFile; fileRef = 453884A6208ABAD3003EB260 /* IOKit.framework */; };
		453884A9208ABADB003EB260 /* CoreVideo.framework in Frameworks */ = {isa = PBXBuildFile; fileRef = 453884A8208ABADB003EB260 /* CoreVideo.framework */; };
		453884AB208ABAE3003EB260 /* Cocoa.framework in Frameworks */ = {isa = PBXBuildFile; fileRef = 453884AA208ABAE3003EB260 /* Cocoa.framework */; };
		453884AD208ABB1F003EB260 /* SDL2.framework in Frameworks */ = {isa = PBXBuildFile; fileRef = 453884AC208ABB1F003EB260 /* SDL2.framework */; };
		453884B1208ABD09003EB260 /* SDL2.framework in CopyFiles */ = {isa = PBXBuildFile; fileRef = 453884AC208ABB1F003EB260 /* SDL2.framework */; settings = {ATTRIBUTES = (CodeSignOnCopy, RemoveHeadersOnCopy, ); }; };
		453884B8208ABF79003EB260 /* app.cpp in Sources */ = {isa = PBXBuildFile; fileRef = 453884B6208ABF79003EB260 /* app.cpp */; };
		453884CC208AD499003EB260 /* init map info.cpp in Sources */ = {isa = PBXBuildFile; fileRef = 453884CA208AD499003EB260 /* init map info.cpp */; };
		453884CF208AE83A003EB260 /* unit motion system.cpp in Sources */ = {isa = PBXBuildFile; fileRef = 453884CD208AE83A003EB260 /* unit motion system.cpp */; };
		453884D4208AFE1C003EB260 /* base damage system.cpp in Sources */ = {isa = PBXBuildFile; fileRef = 453884D2208AFE1C003EB260 /* base damage system.cpp */; };
		453884D7208B0283003EB260 /* tower aim system.cpp in Sources */ = {isa = PBXBuildFile; fileRef = 453884D5208B0283003EB260 /* tower aim system.cpp */; };
		453884DA208B0765003EB260 /* tower shoot system.cpp in Sources */ = {isa = PBXBuildFile; fileRef = 453884D8208B0765003EB260 /* tower shoot system.cpp */; };
		453884DF208B0D66003EB260 /* unit death system.cpp in Sources */ = {isa = PBXBuildFile; fileRef = 453884DD208B0D66003EB260 /* unit death system.cpp */; };
		453884E2208B10F9003EB260 /* tower timing system.cpp in Sources */ = {isa = PBXBuildFile; fileRef = 453884E0208B10F9003EB260 /* tower timing system.cpp */; };
		453884EB208B1477003EB260 /* spawner timing system.cpp in Sources */ = {isa = PBXBuildFile; fileRef = 453884E9208B1477003EB260 /* spawner timing system.cpp */; };
		453884EE208B1607003EB260 /* spawner system.cpp in Sources */ = {isa = PBXBuildFile; fileRef = 453884EC208B1607003EB260 /* spawner system.cpp */; };
		453884F5208B2534003EB260 /* unit walk anim system.cpp in Sources */ = {isa = PBXBuildFile; fileRef = 453884F3208B2534003EB260 /* unit walk anim system.cpp */; };
		453884FA208B28CC003EB260 /* tower firing anim system.cpp in Sources */ = {isa = PBXBuildFile; fileRef = 453884F8208B28CC003EB260 /* tower firing anim system.cpp */; };
/* End PBXBuildFile section */

/* Begin PBXCopyFilesBuildPhase section */
		453884AE208ABB24003EB260 /* CopyFiles */ = {
			isa = PBXCopyFilesBuildPhase;
			buildActionMask = 2147483647;
			dstPath = "";
			dstSubfolderSpec = 10;
			files = (
				453884B1208ABD09003EB260 /* SDL2.framework in CopyFiles */,
			);
			runOnlyForDeploymentPostprocessing = 0;
		};
/* End PBXCopyFilesBuildPhase section */

/* Begin PBXFileReference section */
		45388490208AB717003EB260 /* Classic Tower Defence.app */ = {isa = PBXFileReference; explicitFileType = wrapper.application; includeInIndex = 0; path = "Classic Tower Defence.app"; sourceTree = BUILT_PRODUCTS_DIR; };
		45388495208AB717003EB260 /* Assets.xcassets */ = {isa = PBXFileReference; lastKnownFileType = folder.assetcatalog; path = Assets.xcassets; sourceTree = "<group>"; };
		4538849A208AB718003EB260 /* Info.plist */ = {isa = PBXFileReference; lastKnownFileType = text.plist.xml; path = Info.plist; sourceTree = "<group>"; };
		453884A1208AB815003EB260 /* main.cpp */ = {isa = PBXFileReference; lastKnownFileType = sourcecode.cpp.cpp; path = main.cpp; sourceTree = "<group>"; };
		453884A4208ABACA003EB260 /* OpenGL.framework */ = {isa = PBXFileReference; lastKnownFileType = wrapper.framework; name = OpenGL.framework; path = System/Library/Frameworks/OpenGL.framework; sourceTree = SDKROOT; };
		453884A6208ABAD3003EB260 /* IOKit.framework */ = {isa = PBXFileReference; lastKnownFileType = wrapper.framework; name = IOKit.framework; path = System/Library/Frameworks/IOKit.framework; sourceTree = SDKROOT; };
		453884A8208ABADB003EB260 /* CoreVideo.framework */ = {isa = PBXFileReference; lastKnownFileType = wrapper.framework; name = CoreVideo.framework; path = System/Library/Frameworks/CoreVideo.framework; sourceTree = SDKROOT; };
		453884AA208ABAE3003EB260 /* Cocoa.framework */ = {isa = PBXFileReference; lastKnownFileType = wrapper.framework; name = Cocoa.framework; path = System/Library/Frameworks/Cocoa.framework; sourceTree = SDKROOT; };
		453884AC208ABB1F003EB260 /* SDL2.framework */ = {isa = PBXFileReference; lastKnownFileType = wrapper.framework; name = SDL2.framework; path = ../../../../../../../Library/Frameworks/SDL2.framework; sourceTree = "<group>"; };
		453884B6208ABF79003EB260 /* app.cpp */ = {isa = PBXFileReference; lastKnownFileType = sourcecode.cpp.cpp; path = app.cpp; sourceTree = "<group>"; };
		453884B7208ABF79003EB260 /* app.hpp */ = {isa = PBXFileReference; lastKnownFileType = sourcecode.cpp.h; path = app.hpp; sourceTree = "<group>"; };
		453884BB208ACB87003EB260 /* unit stats component.hpp */ = {isa = PBXFileReference; lastKnownFileType = sourcecode.cpp.h; path = "unit stats component.hpp"; sourceTree = "<group>"; };
		453884BD208ACC23003EB260 /* map.hpp */ = {isa = PBXFileReference; lastKnownFileType = sourcecode.cpp.h; path = map.hpp; sourceTree = "<group>"; };
		453884BE208ACD6A003EB260 /* wave.hpp */ = {isa = PBXFileReference; lastKnownFileType = sourcecode.cpp.h; path = wave.hpp; sourceTree = "<group>"; };
		453884BF208ACE9D003EB260 /* tower stats component.hpp */ = {isa = PBXFileReference; lastKnownFileType = sourcecode.cpp.h; path = "tower stats component.hpp"; sourceTree = "<group>"; };
		453884C0208ACF12003EB260 /* position component.hpp */ = {isa = PBXFileReference; lastKnownFileType = sourcecode.cpp.h; path = "position component.hpp"; sourceTree = "<group>"; };
		453884C1208ACFCA003EB260 /* unit dir component.hpp */ = {isa = PBXFileReference; lastKnownFileType = sourcecode.cpp.h; path = "unit dir component.hpp"; sourceTree = "<group>"; };
		453884C5208AD10F003EB260 /* unit exit distance component.hpp */ = {isa = PBXFileReference; lastKnownFileType = sourcecode.cpp.h; path = "unit exit distance component.hpp"; sourceTree = "<group>"; };
		453884C6208AD145003EB260 /* tower timing component.hpp */ = {isa = PBXFileReference; lastKnownFileType = sourcecode.cpp.h; path = "tower timing component.hpp"; sourceTree = "<group>"; };
		453884C7208AD289003EB260 /* tower target component.hpp */ = {isa = PBXFileReference; lastKnownFileType = sourcecode.cpp.h; path = "tower target component.hpp"; sourceTree = "<group>"; };
		453884C8208AD3A1003EB260 /* map info.hpp */ = {isa = PBXFileReference; lastKnownFileType = sourcecode.cpp.h; path = "map info.hpp"; sourceTree = "<group>"; };
		453884CA208AD499003EB260 /* init map info.cpp */ = {isa = PBXFileReference; lastKnownFileType = sourcecode.cpp.cpp; path = "init map info.cpp"; sourceTree = "<group>"; };
		453884CB208AD499003EB260 /* init map info.hpp */ = {isa = PBXFileReference; lastKnownFileType = sourcecode.cpp.h; path = "init map info.hpp"; sourceTree = "<group>"; };
		453884CD208AE83A003EB260 /* unit motion system.cpp */ = {isa = PBXFileReference; lastKnownFileType = sourcecode.cpp.cpp; path = "unit motion system.cpp"; sourceTree = "<group>"; };
		453884CE208AE83A003EB260 /* unit motion system.hpp */ = {isa = PBXFileReference; lastKnownFileType = sourcecode.cpp.h; path = "unit motion system.hpp"; sourceTree = "<group>"; };
		453884D0208AE8DA003EB260 /* base health component.hpp */ = {isa = PBXFileReference; lastKnownFileType = sourcecode.cpp.h; path = "base health component.hpp"; sourceTree = "<group>"; };
		453884D1208AF9BD003EB260 /* unit path component.hpp */ = {isa = PBXFileReference; lastKnownFileType = sourcecode.cpp.h; path = "unit path component.hpp"; sourceTree = "<group>"; };
		453884D2208AFE1C003EB260 /* base damage system.cpp */ = {isa = PBXFileReference; lastKnownFileType = sourcecode.cpp.cpp; path = "base damage system.cpp"; sourceTree = "<group>"; };
		453884D3208AFE1C003EB260 /* base damage system.hpp */ = {isa = PBXFileReference; lastKnownFileType = sourcecode.cpp.h; path = "base damage system.hpp"; sourceTree = "<group>"; };
		453884D5208B0283003EB260 /* tower aim system.cpp */ = {isa = PBXFileReference; lastKnownFileType = sourcecode.cpp.cpp; path = "tower aim system.cpp"; sourceTree = "<group>"; };
		453884D6208B0283003EB260 /* tower aim system.hpp */ = {isa = PBXFileReference; lastKnownFileType = sourcecode.cpp.h; path = "tower aim system.hpp"; sourceTree = "<group>"; };
		453884D8208B0765003EB260 /* tower shoot system.cpp */ = {isa = PBXFileReference; lastKnownFileType = sourcecode.cpp.cpp; path = "tower shoot system.cpp"; sourceTree = "<group>"; };
		453884D9208B0765003EB260 /* tower shoot system.hpp */ = {isa = PBXFileReference; lastKnownFileType = sourcecode.cpp.h; path = "tower shoot system.hpp"; sourceTree = "<group>"; };
		453884DD208B0D66003EB260 /* unit death system.cpp */ = {isa = PBXFileReference; lastKnownFileType = sourcecode.cpp.cpp; path = "unit death system.cpp"; sourceTree = "<group>"; };
		453884DE208B0D66003EB260 /* unit death system.hpp */ = {isa = PBXFileReference; lastKnownFileType = sourcecode.cpp.h; path = "unit death system.hpp"; sourceTree = "<group>"; };
		453884E0208B10F9003EB260 /* tower timing system.cpp */ = {isa = PBXFileReference; lastKnownFileType = sourcecode.cpp.cpp; path = "tower timing system.cpp"; sourceTree = "<group>"; };
		453884E1208B10F9003EB260 /* tower timing system.hpp */ = {isa = PBXFileReference; lastKnownFileType = sourcecode.cpp.h; path = "tower timing system.hpp"; sourceTree = "<group>"; };
		453884E5208B132A003EB260 /* spawner timing component.hpp */ = {isa = PBXFileReference; lastKnownFileType = sourcecode.cpp.h; path = "spawner timing component.hpp"; sourceTree = "<group>"; };
		453884E6208B138C003EB260 /* spawner state component.hpp */ = {isa = PBXFileReference; lastKnownFileType = sourcecode.cpp.h; path = "spawner state component.hpp"; sourceTree = "<group>"; };
		453884E9208B1477003EB260 /* spawner timing system.cpp */ = {isa = PBXFileReference; lastKnownFileType = sourcecode.cpp.cpp; path = "spawner timing system.cpp"; sourceTree = "<group>"; };
		453884EA208B1477003EB260 /* spawner timing system.hpp */ = {isa = PBXFileReference; lastKnownFileType = sourcecode.cpp.h; path = "spawner timing system.hpp"; sourceTree = "<group>"; };
		453884EC208B1607003EB260 /* spawner system.cpp */ = {isa = PBXFileReference; lastKnownFileType = sourcecode.cpp.cpp; path = "spawner system.cpp"; sourceTree = "<group>"; };
		453884ED208B1607003EB260 /* spawner system.hpp */ = {isa = PBXFileReference; lastKnownFileType = sourcecode.cpp.h; path = "spawner system.hpp"; sourceTree = "<group>"; };
		453884EF208B2325003EB260 /* unit sprite component.hpp */ = {isa = PBXFileReference; lastKnownFileType = sourcecode.cpp.h; path = "unit sprite component.hpp"; sourceTree = "<group>"; };
		453884F1208B2371003EB260 /* sprite depth component.hpp */ = {isa = PBXFileReference; lastKnownFileType = sourcecode.cpp.h; path = "sprite depth component.hpp"; sourceTree = "<group>"; };
		453884F2208B245A003EB260 /* unit walk anim component.hpp */ = {isa = PBXFileReference; lastKnownFileType = sourcecode.cpp.h; path = "unit walk anim component.hpp"; sourceTree = "<group>"; };
		453884F3208B2534003EB260 /* unit walk anim system.cpp */ = {isa = PBXFileReference; lastKnownFileType = sourcecode.cpp.cpp; path = "unit walk anim system.cpp"; sourceTree = "<group>"; };
		453884F4208B2534003EB260 /* unit walk anim system.hpp */ = {isa = PBXFileReference; lastKnownFileType = sourcecode.cpp.h; path = "unit walk anim system.hpp"; sourceTree = "<group>"; };
		453884F6208B2785003EB260 /* tower firing anim component.hpp */ = {isa = PBXFileReference; lastKnownFileType = sourcecode.cpp.h; path = "tower firing anim component.hpp"; sourceTree = "<group>"; };
		453884F7208B2883003EB260 /* tower sprites component.hpp */ = {isa = PBXFileReference; lastKnownFileType = sourcecode.cpp.h; path = "tower sprites component.hpp"; sourceTree = "<group>"; };
		453884F8208B28CC003EB260 /* tower firing anim system.cpp */ = {isa = PBXFileReference; lastKnownFileType = sourcecode.cpp.cpp; path = "tower firing anim system.cpp"; sourceTree = "<group>"; };
		453884F9208B28CC003EB260 /* tower firing anim system.hpp */ = {isa = PBXFileReference; lastKnownFileType = sourcecode.cpp.h; path = "tower firing anim system.hpp"; sourceTree = "<group>"; };
/* End PBXFileReference section */

/* Begin PBXFrameworksBuildPhase section */
		4538848D208AB717003EB260 /* Frameworks */ = {
			isa = PBXFrameworksBuildPhase;
			buildActionMask = 2147483647;
			files = (
				453884AD208ABB1F003EB260 /* SDL2.framework in Frameworks */,
				453884AB208ABAE3003EB260 /* Cocoa.framework in Frameworks */,
				453884A9208ABADB003EB260 /* CoreVideo.framework in Frameworks */,
				453884A7208ABAD3003EB260 /* IOKit.framework in Frameworks */,
				453884A5208ABACA003EB260 /* OpenGL.framework in Frameworks */,
			);
			runOnlyForDeploymentPostprocessing = 0;
		};
/* End PBXFrameworksBuildPhase section */

/* Begin PBXGroup section */
		45388487208AB717003EB260 = {
			isa = PBXGroup;
			children = (
				45388492208AB717003EB260 /* Classic Tower Defence */,
				45388491208AB717003EB260 /* Products */,
				453884A3208ABACA003EB260 /* Frameworks */,
			);
			sourceTree = "<group>";
		};
		45388491208AB717003EB260 /* Products */ = {
			isa = PBXGroup;
			children = (
				45388490208AB717003EB260 /* Classic Tower Defence.app */,
			);
			name = Products;
			sourceTree = "<group>";
		};
		45388492208AB717003EB260 /* Classic Tower Defence */ = {
			isa = PBXGroup;
			children = (
				453884B2208ABD2A003EB260 /* Resources */,
				453884B3208ABD31003EB260 /* Game */,
				45388495208AB717003EB260 /* Assets.xcassets */,
				4538849A208AB718003EB260 /* Info.plist */,
				453884A1208AB815003EB260 /* main.cpp */,
			);
			path = "Classic Tower Defence";
			sourceTree = "<group>";
		};
		453884A3208ABACA003EB260 /* Frameworks */ = {
			isa = PBXGroup;
			children = (
				453884AC208ABB1F003EB260 /* SDL2.framework */,
				453884AA208ABAE3003EB260 /* Cocoa.framework */,
				453884A8208ABADB003EB260 /* CoreVideo.framework */,
				453884A6208ABAD3003EB260 /* IOKit.framework */,
				453884A4208ABACA003EB260 /* OpenGL.framework */,
			);
			name = Frameworks;
			sourceTree = "<group>";
		};
		453884B2208ABD2A003EB260 /* Resources */ = {
			isa = PBXGroup;
			children = (
				453884B4208ABE66003EB260 /* Levels */,
			);
			path = Resources;
			sourceTree = "<group>";
		};
		453884B3208ABD31003EB260 /* Game */ = {
			isa = PBXGroup;
			children = (
				453884BC208ACC08003EB260 /* Game Data */,
				453884C9208AD457003EB260 /* Game Data Systems */,
				453884BA208ACB5D003EB260 /* Systems */,
				453884B9208ACB54003EB260 /* Components */,
				453884B6208ABF79003EB260 /* app.cpp */,
				453884B7208ABF79003EB260 /* app.hpp */,
			);
			path = Game;
			sourceTree = "<group>";
		};
		453884B4208ABE66003EB260 /* Levels */ = {
			isa = PBXGroup;
			children = (
			);
			path = Levels;
			sourceTree = "<group>";
		};
		453884B9208ACB54003EB260 /* Components */ = {
			isa = PBXGroup;
			children = (
				453884C0208ACF12003EB260 /* position component.hpp */,
				453884C3208ACFFA003EB260 /* Towers */,
				453884C2208ACFEC003EB260 /* Units */,
				453884E4208B1204003EB260 /* Base */,
				453884E7208B1393003EB260 /* Spawner */,
				453884F1208B2371003EB260 /* sprite depth component.hpp */,
			);
			name = Components;
			sourceTree = "<group>";
		};
		453884BA208ACB5D003EB260 /* Systems */ = {
			isa = PBXGroup;
			children = (
				453884DC208B0D50003EB260 /* Towers */,
				453884DB208B0D45003EB260 /* Units */,
				453884E3208B11FA003EB260 /* Base */,
				453884E8208B1456003EB260 /* Spawner */,
			);
			name = Systems;
			sourceTree = "<group>";
		};
		453884BC208ACC08003EB260 /* Game Data */ = {
			isa = PBXGroup;
			children = (
				453884BD208ACC23003EB260 /* map.hpp */,
				453884BE208ACD6A003EB260 /* wave.hpp */,
				453884C8208AD3A1003EB260 /* map info.hpp */,
			);
			name = "Game Data";
			sourceTree = "<group>";
		};
		453884C2208ACFEC003EB260 /* Units */ = {
			isa = PBXGroup;
			children = (
				453884F2208B245A003EB260 /* unit walk anim component.hpp */,
				453884BB208ACB87003EB260 /* unit stats component.hpp */,
				453884C1208ACFCA003EB260 /* unit dir component.hpp */,
				453884C5208AD10F003EB260 /* unit exit distance component.hpp */,
				453884D1208AF9BD003EB260 /* unit path component.hpp */,
				453884EF208B2325003EB260 /* unit sprite component.hpp */,
			);
			name = Units;
			sourceTree = "<group>";
		};
		453884C3208ACFFA003EB260 /* Towers */ = {
			isa = PBXGroup;
			children = (
				453884BF208ACE9D003EB260 /* tower stats component.hpp */,
				453884C6208AD145003EB260 /* tower timing component.hpp */,
				453884C7208AD289003EB260 /* tower target component.hpp */,
				453884F6208B2785003EB260 /* tower firing anim component.hpp */,
				453884F7208B2883003EB260 /* tower sprites component.hpp */,
			);
			name = Towers;
			sourceTree = "<group>";
		};
		453884C9208AD457003EB260 /* Game Data Systems */ = {
			isa = PBXGroup;
			children = (
				453884CA208AD499003EB260 /* init map info.cpp */,
				453884CB208AD499003EB260 /* init map info.hpp */,
			);
			name = "Game Data Systems";
			sourceTree = "<group>";
		};
		453884DB208B0D45003EB260 /* Units */ = {
			isa = PBXGroup;
			children = (
				453884F3208B2534003EB260 /* unit walk anim system.cpp */,
				453884F4208B2534003EB260 /* unit walk anim system.hpp */,
				453884CD208AE83A003EB260 /* unit motion system.cpp */,
				453884CE208AE83A003EB260 /* unit motion system.hpp */,
				453884DD208B0D66003EB260 /* unit death system.cpp */,
				453884DE208B0D66003EB260 /* unit death system.hpp */,
			);
			name = Units;
			sourceTree = "<group>";
		};
		453884DC208B0D50003EB260 /* Towers */ = {
			isa = PBXGroup;
			children = (
				453884D5208B0283003EB260 /* tower aim system.cpp */,
				453884D6208B0283003EB260 /* tower aim system.hpp */,
				453884D8208B0765003EB260 /* tower shoot system.cpp */,
				453884D9208B0765003EB260 /* tower shoot system.hpp */,
				453884E0208B10F9003EB260 /* tower timing system.cpp */,
				453884E1208B10F9003EB260 /* tower timing system.hpp */,
				453884F8208B28CC003EB260 /* tower firing anim system.cpp */,
				453884F9208B28CC003EB260 /* tower firing anim system.hpp */,
			);
			name = Towers;
			sourceTree = "<group>";
		};
		453884E3208B11FA003EB260 /* Base */ = {
			isa = PBXGroup;
			children = (
				453884D2208AFE1C003EB260 /* base damage system.cpp */,
				453884D3208AFE1C003EB260 /* base damage system.hpp */,
			);
			name = Base;
			sourceTree = "<group>";
		};
		453884E4208B1204003EB260 /* Base */ = {
			isa = PBXGroup;
			children = (
				453884D0208AE8DA003EB260 /* base health component.hpp */,
			);
			name = Base;
			sourceTree = "<group>";
		};
		453884E7208B1393003EB260 /* Spawner */ = {
			isa = PBXGroup;
			children = (
				453884E5208B132A003EB260 /* spawner timing component.hpp */,
				453884E6208B138C003EB260 /* spawner state component.hpp */,
			);
			name = Spawner;
			sourceTree = "<group>";
		};
		453884E8208B1456003EB260 /* Spawner */ = {
			isa = PBXGroup;
			children = (
				453884E9208B1477003EB260 /* spawner timing system.cpp */,
				453884EA208B1477003EB260 /* spawner timing system.hpp */,
				453884EC208B1607003EB260 /* spawner system.cpp */,
				453884ED208B1607003EB260 /* spawner system.hpp */,
			);
			name = Spawner;
			sourceTree = "<group>";
		};
/* End PBXGroup section */

/* Begin PBXNativeTarget section */
		4538848F208AB717003EB260 /* Classic Tower Defence */ = {
			isa = PBXNativeTarget;
			buildConfigurationList = 4538849E208AB718003EB260 /* Build configuration list for PBXNativeTarget "Classic Tower Defence" */;
			buildPhases = (
				453884AE208ABB24003EB260 /* CopyFiles */,
				4538848C208AB717003EB260 /* Sources */,
				4538848D208AB717003EB260 /* Frameworks */,
				4538848E208AB717003EB260 /* Resources */,
				453884B5208ABE9F003EB260 /* Compile Levels */,
			);
			buildRules = (
			);
			dependencies = (
			);
			name = "Classic Tower Defence";
			productName = "Classic Tower Defence";
			productReference = 45388490208AB717003EB260 /* Classic Tower Defence.app */;
			productType = "com.apple.product-type.application";
		};
/* End PBXNativeTarget section */

/* Begin PBXProject section */
		45388488208AB717003EB260 /* Project object */ = {
			isa = PBXProject;
			attributes = {
				LastSwiftUpdateCheck = 0920;
				LastUpgradeCheck = 0920;
				ORGANIZATIONNAME = "Indi Kernick";
				TargetAttributes = {
					4538848F208AB717003EB260 = {
						CreatedOnToolsVersion = 9.2;
						ProvisioningStyle = Automatic;
						SystemCapabilities = {
							com.apple.Sandbox = {
								enabled = 0;
							};
						};
					};
				};
			};
			buildConfigurationList = 4538848B208AB717003EB260 /* Build configuration list for PBXProject "Classic Tower Defence" */;
			compatibilityVersion = "Xcode 8.0";
			developmentRegion = en;
			hasScannedForEncodings = 0;
			knownRegions = (
				en,
				Base,
			);
			mainGroup = 45388487208AB717003EB260;
			productRefGroup = 45388491208AB717003EB260 /* Products */;
			projectDirPath = "";
			projectRoot = "";
			targets = (
				4538848F208AB717003EB260 /* Classic Tower Defence */,
			);
		};
/* End PBXProject section */

/* Begin PBXResourcesBuildPhase section */
		4538848E208AB717003EB260 /* Resources */ = {
			isa = PBXResourcesBuildPhase;
			buildActionMask = 2147483647;
			files = (
				45388496208AB717003EB260 /* Assets.xcassets in Resources */,
			);
			runOnlyForDeploymentPostprocessing = 0;
		};
/* End PBXResourcesBuildPhase section */

/* Begin PBXShellScriptBuildPhase section */
		453884B5208ABE9F003EB260 /* Compile Levels */ = {
			isa = PBXShellScriptBuildPhase;
			buildActionMask = 2147483647;
			files = (
			);
			inputPaths = (
				"$(PROJECT_DIR)/$(PROJECT)/Resources/Levels/",
			);
			name = "Compile Levels";
			outputPaths = (
				"$(BUILT_PRODUCTS_DIR)/$(UNLOCALIZED_RESOURCES_FOLDER_PATH)/level 0.json",
			);
			runOnlyForDeploymentPostprocessing = 0;
			shellPath = /bin/bash;
			shellScript = "# \"*\" means all levels\n# \"5\" means only level 5\nLEVEL=\"*\"\n\nPROJECT_RES=\"$PROJECT_DIR/$PROJECT/Resources/Levels\"\nPRODUCT_RES=\"$BUILT_PRODUCTS_DIR/$UNLOCALIZED_RESOURCES_FOLDER_PATH\"\n\nfind \"$PROJECT_RES\" -name \"level $LEVEL.jsonnet\" | # find\negrep --only-matching \"level (\\d+|final)\" |        # trim path and extension\nwhile read name; do\n  echo \"Compiling $name\"\n  time jsonnet \"$PROJECT_RES/$name.jsonnet\" |      # compile jsonnet\n  jq -c . > \"$PRODUCT_RES/$name.json\"              # minify json\n  # failed if output file is empty\n  if [[ ! -s \"$PRODUCT_RES/$name.json\" ]]; then\n    exit 1\n  fi\ndone\n";
		};
/* End PBXShellScriptBuildPhase section */

/* Begin PBXSourcesBuildPhase section */
		4538848C208AB717003EB260 /* Sources */ = {
			isa = PBXSourcesBuildPhase;
			buildActionMask = 2147483647;
			files = (
				453884E2208B10F9003EB260 /* tower timing system.cpp in Sources */,
				453884EE208B1607003EB260 /* spawner system.cpp in Sources */,
				453884D7208B0283003EB260 /* tower aim system.cpp in Sources */,
				453884DF208B0D66003EB260 /* unit death system.cpp in Sources */,
				453884DA208B0765003EB260 /* tower shoot system.cpp in Sources */,
				453884FA208B28CC003EB260 /* tower firing anim system.cpp in Sources */,
				453884A2208AB815003EB260 /* main.cpp in Sources */,
				453884B8208ABF79003EB260 /* app.cpp in Sources */,
				453884F5208B2534003EB260 /* unit walk anim system.cpp in Sources */,
				453884D4208AFE1C003EB260 /* base damage system.cpp in Sources */,
				453884CF208AE83A003EB260 /* unit motion system.cpp in Sources */,
				453884CC208AD499003EB260 /* init map info.cpp in Sources */,
				453884EB208B1477003EB260 /* spawner timing system.cpp in Sources */,
			);
			runOnlyForDeploymentPostprocessing = 0;
		};
/* End PBXSourcesBuildPhase section */

/* Begin XCBuildConfiguration section */
		4538849C208AB718003EB260 /* Debug */ = {
			isa = XCBuildConfiguration;
			buildSettings = {
				ALWAYS_SEARCH_USER_PATHS = NO;
				CLANG_ANALYZER_NONNULL = YES;
				CLANG_ANALYZER_NUMBER_OBJECT_CONVERSION = YES_AGGRESSIVE;
				CLANG_CXX_LANGUAGE_STANDARD = "gnu++14";
				CLANG_CXX_LIBRARY = "libc++";
				CLANG_ENABLE_MODULES = YES;
				CLANG_ENABLE_OBJC_ARC = YES;
				CLANG_WARN_BLOCK_CAPTURE_AUTORELEASING = YES;
				CLANG_WARN_BOOL_CONVERSION = YES;
				CLANG_WARN_COMMA = YES;
				CLANG_WARN_CONSTANT_CONVERSION = YES;
				CLANG_WARN_DIRECT_OBJC_ISA_USAGE = YES_ERROR;
				CLANG_WARN_DOCUMENTATION_COMMENTS = YES;
				CLANG_WARN_EMPTY_BODY = YES;
				CLANG_WARN_ENUM_CONVERSION = YES;
				CLANG_WARN_INFINITE_RECURSION = YES;
				CLANG_WARN_INT_CONVERSION = YES;
				CLANG_WARN_NON_LITERAL_NULL_CONVERSION = YES;
				CLANG_WARN_OBJC_LITERAL_CONVERSION = YES;
				CLANG_WARN_OBJC_ROOT_CLASS = YES_ERROR;
				CLANG_WARN_RANGE_LOOP_ANALYSIS = YES;
				CLANG_WARN_STRICT_PROTOTYPES = YES;
				CLANG_WARN_SUSPICIOUS_MOVE = YES;
				CLANG_WARN_UNGUARDED_AVAILABILITY = YES_AGGRESSIVE;
				CLANG_WARN_UNREACHABLE_CODE = YES;
				CLANG_WARN__DUPLICATE_METHOD_MATCH = YES;
				CODE_SIGN_IDENTITY = "Mac Developer";
				COPY_PHASE_STRIP = NO;
				DEBUG_INFORMATION_FORMAT = dwarf;
				ENABLE_STRICT_OBJC_MSGSEND = YES;
				ENABLE_TESTABILITY = YES;
				GCC_C_LANGUAGE_STANDARD = gnu11;
				GCC_DYNAMIC_NO_PIC = NO;
				GCC_NO_COMMON_BLOCKS = YES;
				GCC_OPTIMIZATION_LEVEL = 0;
				GCC_PREPROCESSOR_DEFINITIONS = (
					"DEBUG=1",
					"$(inherited)",
				);
				GCC_WARN_64_TO_32_BIT_CONVERSION = YES;
				GCC_WARN_ABOUT_RETURN_TYPE = YES_ERROR;
				GCC_WARN_UNDECLARED_SELECTOR = YES;
				GCC_WARN_UNINITIALIZED_AUTOS = YES_AGGRESSIVE;
				GCC_WARN_UNUSED_FUNCTION = YES;
				GCC_WARN_UNUSED_VARIABLE = YES;
				MACOSX_DEPLOYMENT_TARGET = 10.13;
				MTL_ENABLE_DEBUG_INFO = YES;
				ONLY_ACTIVE_ARCH = YES;
				SDKROOT = macosx;
				SWIFT_ACTIVE_COMPILATION_CONDITIONS = DEBUG;
				SWIFT_OPTIMIZATION_LEVEL = "-Onone";
			};
			name = Debug;
		};
		4538849D208AB718003EB260 /* Release */ = {
			isa = XCBuildConfiguration;
			buildSettings = {
				ALWAYS_SEARCH_USER_PATHS = NO;
				CLANG_ANALYZER_NONNULL = YES;
				CLANG_ANALYZER_NUMBER_OBJECT_CONVERSION = YES_AGGRESSIVE;
				CLANG_CXX_LANGUAGE_STANDARD = "gnu++14";
				CLANG_CXX_LIBRARY = "libc++";
				CLANG_ENABLE_MODULES = YES;
				CLANG_ENABLE_OBJC_ARC = YES;
				CLANG_WARN_BLOCK_CAPTURE_AUTORELEASING = YES;
				CLANG_WARN_BOOL_CONVERSION = YES;
				CLANG_WARN_COMMA = YES;
				CLANG_WARN_CONSTANT_CONVERSION = YES;
				CLANG_WARN_DIRECT_OBJC_ISA_USAGE = YES_ERROR;
				CLANG_WARN_DOCUMENTATION_COMMENTS = YES;
				CLANG_WARN_EMPTY_BODY = YES;
				CLANG_WARN_ENUM_CONVERSION = YES;
				CLANG_WARN_INFINITE_RECURSION = YES;
				CLANG_WARN_INT_CONVERSION = YES;
				CLANG_WARN_NON_LITERAL_NULL_CONVERSION = YES;
				CLANG_WARN_OBJC_LITERAL_CONVERSION = YES;
				CLANG_WARN_OBJC_ROOT_CLASS = YES_ERROR;
				CLANG_WARN_RANGE_LOOP_ANALYSIS = YES;
				CLANG_WARN_STRICT_PROTOTYPES = YES;
				CLANG_WARN_SUSPICIOUS_MOVE = YES;
				CLANG_WARN_UNGUARDED_AVAILABILITY = YES_AGGRESSIVE;
				CLANG_WARN_UNREACHABLE_CODE = YES;
				CLANG_WARN__DUPLICATE_METHOD_MATCH = YES;
				CODE_SIGN_IDENTITY = "Mac Developer";
				COPY_PHASE_STRIP = NO;
				DEBUG_INFORMATION_FORMAT = "dwarf-with-dsym";
				ENABLE_NS_ASSERTIONS = NO;
				ENABLE_STRICT_OBJC_MSGSEND = YES;
				GCC_C_LANGUAGE_STANDARD = gnu11;
				GCC_NO_COMMON_BLOCKS = YES;
				GCC_WARN_64_TO_32_BIT_CONVERSION = YES;
				GCC_WARN_ABOUT_RETURN_TYPE = YES_ERROR;
				GCC_WARN_UNDECLARED_SELECTOR = YES;
				GCC_WARN_UNINITIALIZED_AUTOS = YES_AGGRESSIVE;
				GCC_WARN_UNUSED_FUNCTION = YES;
				GCC_WARN_UNUSED_VARIABLE = YES;
				MACOSX_DEPLOYMENT_TARGET = 10.13;
				MTL_ENABLE_DEBUG_INFO = NO;
				SDKROOT = macosx;
				SWIFT_OPTIMIZATION_LEVEL = "-Owholemodule";
			};
			name = Release;
		};
		4538849F208AB718003EB260 /* Debug */ = {
			isa = XCBuildConfiguration;
			buildSettings = {
				ASSETCATALOG_COMPILER_APPICON_NAME = AppIcon;
				CLANG_CXX_LANGUAGE_STANDARD = "c++17";
				CODE_SIGN_STYLE = Automatic;
				COMBINE_HIDPI_IMAGES = YES;
				DEVELOPMENT_TEAM = QY44MADGVC;
				FRAMEWORK_SEARCH_PATHS = (
					"$(inherited)",
					"$(LOCAL_LIBRARY_DIR)/Frameworks",
				);
				GCC_PREPROCESSOR_DEFINITIONS = (
					ENABLE_PROFILER,
					"DEBUG=1",
					"$(inherited)",
				);
				HEADER_SEARCH_PATHS = (
					/usr/local/include,
					/usr/local/Cellar/nlohmann_json/3.1.0/include,
				);
				INFOPLIST_FILE = "Classic Tower Defence/Info.plist";
				LD_RUNPATH_SEARCH_PATHS = "$(inherited) @executable_path/../Frameworks";
				LIBRARY_SEARCH_PATHS = /usr/local/lib;
				OTHER_CPLUSPLUSFLAGS = (
					"$(OTHER_CFLAGS)",
					"-Wall",
					"-Wextra",
					"-Weffc++",
					"-Wpedantic",
					"-Wno-documentation",
					"-fvisibility=default",
				);
				OTHER_LDFLAGS = /usr/local/Cellar/glew/2.1.0/lib/libGLEW.a;
				PRODUCT_BUNDLE_IDENTIFIER = "Indi-Kernick.Classic-Tower-Defence";
				PRODUCT_NAME = "$(TARGET_NAME)";
				SWIFT_VERSION = 4.0;
			};
			name = Debug;
		};
		453884A0208AB718003EB260 /* Release */ = {
			isa = XCBuildConfiguration;
			buildSettings = {
				ASSETCATALOG_COMPILER_APPICON_NAME = AppIcon;
				CLANG_CXX_LANGUAGE_STANDARD = "c++17";
				CODE_SIGN_STYLE = Automatic;
				COMBINE_HIDPI_IMAGES = YES;
				DEVELOPMENT_TEAM = QY44MADGVC;
				FRAMEWORK_SEARCH_PATHS = (
					"$(inherited)",
					"$(LOCAL_LIBRARY_DIR)/Frameworks",
				);
				GCC_OPTIMIZATION_LEVEL = 3;
				GCC_PREPROCESSOR_DEFINITIONS = ENABLE_PROFILER;
				HEADER_SEARCH_PATHS = (
					/usr/local/include,
					/usr/local/Cellar/nlohmann_json/3.1.0/include,
				);
				INFOPLIST_FILE = "Classic Tower Defence/Info.plist";
				LD_RUNPATH_SEARCH_PATHS = "$(inherited) @executable_path/../Frameworks";
				LIBRARY_SEARCH_PATHS = /usr/local/lib;
				OTHER_CPLUSPLUSFLAGS = (
					"$(OTHER_CFLAGS)",
					"-Wall",
					"-Wextra",
					"-Weffc++",
					"-Wpedantic",
					"-Wno-documentation",
					"-fvisibility=default",
				);
				OTHER_LDFLAGS = /usr/local/Cellar/glew/2.1.0/lib/libGLEW.a;
				PRODUCT_BUNDLE_IDENTIFIER = "Indi-Kernick.Classic-Tower-Defence";
				PRODUCT_NAME = "$(TARGET_NAME)";
				SWIFT_VERSION = 4.0;
			};
			name = Release;
		};
/* End XCBuildConfiguration section */

/* Begin XCConfigurationList section */
		4538848B208AB717003EB260 /* Build configuration list for PBXProject "Classic Tower Defence" */ = {
			isa = XCConfigurationList;
			buildConfigurations = (
				4538849C208AB718003EB260 /* Debug */,
				4538849D208AB718003EB260 /* Release */,
			);
			defaultConfigurationIsVisible = 0;
			defaultConfigurationName = Release;
		};
		4538849E208AB718003EB260 /* Build configuration list for PBXNativeTarget "Classic Tower Defence" */ = {
			isa = XCConfigurationList;
			buildConfigurations = (
				4538849F208AB718003EB260 /* Debug */,
				453884A0208AB718003EB260 /* Release */,
			);
			defaultConfigurationIsVisible = 0;
			defaultConfigurationName = Release;
		};
/* End XCConfigurationList section */
	};
	rootObject = 45388488208AB717003EB260 /* Project object */;
}
